
Microsoft Visual Studio Solution File, Format Version 12.00
# Visual Studio 15
VisualStudioVersion = 15.0.28307.1321
MinimumVisualStudioVersion = 10.0.40219.1
Project("{8BC9CEB8-8B4A-11D0-8D11-00A0C91BC942}") = "C++Primer  泛型算法", "C++Primer  泛型算法\C++Primer  泛型算法.vcxproj", "{19BFFC5E-F6FE-4C13-A990-DADACD7F8D2D}"
EndProject
Global
	GlobalSection(SolutionConfigurationPlatforms) = preSolution
		Debug|x64 = Debug|x64
		Debug|x86 = Debug|x86
		Release|x64 = Release|x64
		Release|x86 = Release|x86
	EndGlobalSection
	GlobalSection(ProjectConfigurationPlatforms) = postSolution
		{19BFFC5E-F6FE-4C13-A990-DADACD7F8D2D}.Debug|x64.ActiveCfg = Debug|x64
		{19BFFC5E-F6FE-4C13-A990-DADACD7F8D2D}.Debug|x64.Build.0 = Debug|x64
		{19BFFC5E-F6FE-4C13-A990-DADACD7F8D2D}.Debug|x86.ActiveCfg = Debug|Win32
		{19BFFC5E-F6FE-4C13-A990-DADACD7F8D2D}.Debug|x86.Build.0 = Debug|Win32
		{19BFFC5E-F6FE-4C13-A990-DADACD7F8D2D}.Release|x64.ActiveCfg = Release|x64
		{19BFFC5E-F6FE-4C13-A990-DADACD7F8D2D}.Release|x64.Build.0 = Release|x64
		{19BFFC5E-F6FE-4C13-A990-DADACD7F8D2D}.Release|x86.ActiveCfg = Release|Win32
		{19BFFC5E-F6FE-4C13-A990-DADACD7F8D2D}.Release|x86.Build.0 = Release|Win32
	EndGlobalSection
	GlobalSection(SolutionProperties) = preSolution
		HideSolutionNode = FALSE
	EndGlobalSection
	GlobalSection(ExtensibilityGlobals) = postSolution
		SolutionGuid = {B692ACBD-306A-4608-8879-51CEC3F7B2E5}
	EndGlobalSection
EndGlobal
